{
  "version": 1,
  "dependencies": {
    "net7.0": {
      "Microsoft.VisualStudio.Threading.Analyzers": {
        "type": "Direct",
        "requested": "[17.9.28, )",
        "resolved": "17.9.28",
        "contentHash": "hNfIadilgBXbAOmV7LCdPSmLsUILA3QZhR4Wu9VbFDaHjtU3dCFRfJMbk45galt1pfffz4yI5qT9oUJl+F8mNQ=="
      },
      "nikcio.uheadless.contenttypes": {
        "type": "Project"
      }
    }
  }
}